
Microsoft Visual Studio Solution File, Format Version 12.00
# Visual Studio 15
VisualStudioVersion = 15.0.28010.2016
MinimumVisualStudioVersion = 10.0.40219.1
Project("{FAE04EC0-301F-11D3-BF4B-00C04F79EFBC}") = "TestCloudApi", "TestCloudApi\TestCloudApi.csproj", "{14C13D6D-AA78-4FA0-8DEA-9483133C88D1}"
EndProject
Project("{F184B08F-C81C-45F6-A57F-5ABD9991F28F}") = "TestCloudApiConsole", "TestCloudApiConsole\TestCloudApiConsole.vbproj", "{5DB6FC3E-8591-4A07-BC43-AFBA5DDE4353}"
EndProject
Global
	GlobalSection(SolutionConfigurationPlatforms) = preSolution
		Debug|Any CPU = Debug|Any CPU
		Release|Any CPU = Release|Any CPU
	EndGlobalSection
	GlobalSection(ProjectConfigurationPlatforms) = postSolution
		{14C13D6D-AA78-4FA0-8DEA-9483133C88D1}.Debug|Any CPU.ActiveCfg = Debug|Any CPU
		{14C13D6D-AA78-4FA0-8DEA-9483133C88D1}.Debug|Any CPU.Build.0 = Debug|Any CPU
		{14C13D6D-AA78-4FA0-8DEA-9483133C88D1}.Release|Any CPU.ActiveCfg = Release|Any CPU
		{14C13D6D-AA78-4FA0-8DEA-9483133C88D1}.Release|Any CPU.Build.0 = Release|Any CPU
		{5DB6FC3E-8591-4A07-BC43-AFBA5DDE4353}.Debug|Any CPU.ActiveCfg = Debug|Any CPU
		{5DB6FC3E-8591-4A07-BC43-AFBA5DDE4353}.Debug|Any CPU.Build.0 = Debug|Any CPU
		{5DB6FC3E-8591-4A07-BC43-AFBA5DDE4353}.Release|Any CPU.ActiveCfg = Release|Any CPU
		{5DB6FC3E-8591-4A07-BC43-AFBA5DDE4353}.Release|Any CPU.Build.0 = Release|Any CPU
	EndGlobalSection
	GlobalSection(SolutionProperties) = preSolution
		HideSolutionNode = FALSE
	EndGlobalSection
	GlobalSection(ExtensibilityGlobals) = postSolution
		SolutionGuid = {62EBDCC9-8276-42F1-BA8D-2B8819658616}
	EndGlobalSection
EndGlobal
